// !$*UTF8*$!
{
	archiveVersion = 1;
	classes = {
	};
	objectVersion = 56;
	objects = {

/* Begin PBXBuildFile section */
		ABBB20CC2CB85D4100AEFBED /* BootcampSesion5App.swift in Sources */ = {isa = PBXBuildFile; fileRef = ABBB20CB2CB85D4100AEFBED /* BootcampSesion5App.swift */; };
		ABBB20D02CB85D4300AEFBED /* Assets.xcassets in Resources */ = {isa = PBXBuildFile; fileRef = ABBB20CF2CB85D4300AEFBED /* Assets.xcassets */; };
		ABBB20D32CB85D4300AEFBED /* Preview Assets.xcassets in Resources */ = {isa = PBXBuildFile; fileRef = ABBB20D22CB85D4300AEFBED /* Preview Assets.xcassets */; };
		ABF728282CC1993E00709488 /* DebuggingExample.swift in Sources */ = {isa = PBXBuildFile; fileRef = ABF728272CC1993E00709488 /* DebuggingExample.swift */; };
		ABF7282B2CC19CDD00709488 /* EquatableViewExample.swift in Sources */ = {isa = PBXBuildFile; fileRef = ABF7282A2CC19CDD00709488 /* EquatableViewExample.swift */; };
		ABF7282E2CC1B15100709488 /* PoorPerformanceExample.swift in Sources */ = {isa = PBXBuildFile; fileRef = ABF7282D2CC1B15100709488 /* PoorPerformanceExample.swift */; };
/* End PBXBuildFile section */

/* Begin PBXFileReference section */
		ABBB20C82CB85D4100AEFBED /* BootcampSesion5.app */ = {isa = PBXFileReference; explicitFileType = wrapper.application; includeInIndex = 0; path = BootcampSesion5.app; sourceTree = BUILT_PRODUCTS_DIR; };
		ABBB20CB2CB85D4100AEFBED /* BootcampSesion5App.swift */ = {isa = PBXFileReference; lastKnownFileType = sourcecode.swift; path = BootcampSesion5App.swift; sourceTree = "<group>"; };
		ABBB20CF2CB85D4300AEFBED /* Assets.xcassets */ = {isa = PBXFileReference; lastKnownFileType = folder.assetcatalog; path = Assets.xcassets; sourceTree = "<group>"; };
		ABBB20D22CB85D4300AEFBED /* Preview Assets.xcassets */ = {isa = PBXFileReference; lastKnownFileType = folder.assetcatalog; path = "Preview Assets.xcassets"; sourceTree = "<group>"; };
		ABF728272CC1993E00709488 /* DebuggingExample.swift */ = {isa = PBXFileReference; lastKnownFileType = sourcecode.swift; path = DebuggingExample.swift; sourceTree = "<group>"; };
		ABF7282A2CC19CDD00709488 /* EquatableViewExample.swift */ = {isa = PBXFileReference; lastKnownFileType = sourcecode.swift; path = EquatableViewExample.swift; sourceTree = "<group>"; };
		ABF7282D2CC1B15100709488 /* PoorPerformanceExample.swift */ = {isa = PBXFileReference; lastKnownFileType = sourcecode.swift; path = PoorPerformanceExample.swift; sourceTree = "<group>"; };
/* End PBXFileReference section */

/* Begin PBXFrameworksBuildPhase section */
		ABBB20C52CB85D4100AEFBED /* Frameworks */ = {
			isa = PBXFrameworksBuildPhase;
			buildActionMask = 2147483647;
			files = (
			);
			runOnlyForDeploymentPostprocessing = 0;
		};
/* End PBXFrameworksBuildPhase section */

/* Begin PBXGroup section */
		ABBB20BF2CB85D4100AEFBED = {
			isa = PBXGroup;
			children = (
				ABBB20CA2CB85D4100AEFBED /* BootcampSesion5 */,
				ABBB20C92CB85D4100AEFBED /* Products */,
			);
			sourceTree = "<group>";
		};
		ABBB20C92CB85D4100AEFBED /* Products */ = {
			isa = PBXGroup;
			children = (
				ABBB20C82CB85D4100AEFBED /* BootcampSesion5.app */,
			);
			name = Products;
			sourceTree = "<group>";
		};
		ABBB20CA2CB85D4100AEFBED /* BootcampSesion5 */ = {
			isa = PBXGroup;
			children = (
				ABF7282C2CC1AFC900709488 /* Poor performance */,
				ABF728292CC19C3300709488 /* Diffing Equatable View */,
				ABF728262CC1992700709488 /* Debugging */,
				ABBB20CB2CB85D4100AEFBED /* BootcampSesion5App.swift */,
				ABBB20CF2CB85D4300AEFBED /* Assets.xcassets */,
				ABBB20D12CB85D4300AEFBED /* Preview Content */,
			);
			path = BootcampSesion5;
			sourceTree = "<group>";
		};
		ABBB20D12CB85D4300AEFBED /* Preview Content */ = {
			isa = PBXGroup;
			children = (
				ABBB20D22CB85D4300AEFBED /* Preview Assets.xcassets */,
			);
			path = "Preview Content";
			sourceTree = "<group>";
		};
		ABF728262CC1992700709488 /* Debugging */ = {
			isa = PBXGroup;
			children = (
				ABF728272CC1993E00709488 /* DebuggingExample.swift */,
			);
			path = Debugging;
			sourceTree = "<group>";
		};
		ABF728292CC19C3300709488 /* Diffing Equatable View */ = {
			isa = PBXGroup;
			children = (
				ABF7282A2CC19CDD00709488 /* EquatableViewExample.swift */,
			);
			path = "Diffing Equatable View";
			sourceTree = "<group>";
		};
		ABF7282C2CC1AFC900709488 /* Poor performance */ = {
			isa = PBXGroup;
			children = (
				ABF7282D2CC1B15100709488 /* PoorPerformanceExample.swift */,
			);
			path = "Poor performance";
			sourceTree = "<group>";
		};
/* End PBXGroup section */

/* Begin PBXNativeTarget section */
		ABBB20C72CB85D4100AEFBED /* BootcampSesion5 */ = {
			isa = PBXNativeTarget;
			buildConfigurationList = ABBB20D62CB85D4300AEFBED /* Build configuration list for PBXNativeTarget "BootcampSesion5" */;
			buildPhases = (
				ABBB20C42CB85D4100AEFBED /* Sources */,
				ABBB20C52CB85D4100AEFBED /* Frameworks */,
				ABBB20C62CB85D4100AEFBED /* Resources */,
			);
			buildRules = (
			);
			dependencies = (
			);
			name = BootcampSesion5;
			productName = BootcampSesion5;
			productReference = ABBB20C82CB85D4100AEFBED /* BootcampSesion5.app */;
			productType = "com.apple.product-type.application";
		};
/* End PBXNativeTarget section */

/* Begin PBXProject section */
		ABBB20C02CB85D4100AEFBED /* Project object */ = {
			isa = PBXProject;
			attributes = {
				BuildIndependentTargetsInParallel = 1;
				LastSwiftUpdateCheck = 1540;
				LastUpgradeCheck = 1540;
				TargetAttributes = {
					ABBB20C72CB85D4100AEFBED = {
						CreatedOnToolsVersion = 15.4;
					};
				};
			};
			buildConfigurationList = ABBB20C32CB85D4100AEFBED /* Build configuration list for PBXProject "BootcampSesion5" */;
			compatibilityVersion = "Xcode 14.0";
			developmentRegion = en;
			hasScannedForEncodings = 0;
			knownRegions = (
				en,
				Base,
			);
			mainGroup = ABBB20BF2CB85D4100AEFBED;
			productRefGroup = ABBB20C92CB85D4100AEFBED /* Products */;
			projectDirPath = "";
			projectRoot = "";
			targets = (
				ABBB20C72CB85D4100AEFBED /* BootcampSesion5 */,
			);
		};
/* End PBXProject section */

/* Begin PBXResourcesBuildPhase section */
		ABBB20C62CB85D4100AEFBED /* Resources */ = {
			isa = PBXResourcesBuildPhase;
			buildActionMask = 2147483647;
			files = (
				ABBB20D32CB85D4300AEFBED /* Preview Assets.xcassets in Resources */,
				ABBB20D02CB85D4300AEFBED /* Assets.xcassets in Resources */,
			);
			runOnlyForDeploymentPostprocessing = 0;
		};
/* End PBXResourcesBuildPhase section */

/* Begin PBXSourcesBuildPhase section */
		ABBB20C42CB85D4100AEFBED /* Sources */ = {
			isa = PBXSourcesBuildPhase;
			buildActionMask = 2147483647;
			files = (
				ABF7282B2CC19CDD00709488 /* EquatableViewExample.swift in Sources */,
				ABF7282E2CC1B15100709488 /* PoorPerformanceExample.swift in Sources */,
				ABF728282CC1993E00709488 /* DebuggingExample.swift in Sources */,
				ABBB20CC2CB85D4100AEFBED /* BootcampSesion5App.swift in Sources */,
			);
			runOnlyForDeploymentPostprocessing = 0;
		};
/* End PBXSourcesBuildPhase section */

/* Begin XCBuildConfiguration section */
		ABBB20D42CB85D4300AEFBED /* Debug */ = {
			isa = XCBuildConfiguration;
			buildSettings = {
				ALWAYS_SEARCH_USER_PATHS = NO;
				ASSETCATALOG_COMPILER_GENERATE_SWIFT_ASSET_SYMBOL_EXTENSIONS = YES;
				CLANG_ANALYZER_NONNULL = YES;
				CLANG_ANALYZER_NUMBER_OBJECT_CONVERSION = YES_AGGRESSIVE;
				CLANG_CXX_LANGUAGE_STANDARD = "gnu++20";
				CLANG_ENABLE_MODULES = YES;
				CLANG_ENABLE_OBJC_ARC = YES;
				CLANG_ENABLE_OBJC_WEAK = YES;
				CLANG_WARN_BLOCK_CAPTURE_AUTORELEASING = YES;
				CLANG_WARN_BOOL_CONVERSION = YES;
				CLANG_WARN_COMMA = YES;
				CLANG_WARN_CONSTANT_CONVERSION = YES;
				CLANG_WARN_DEPRECATED_OBJC_IMPLEMENTATIONS = YES;
				CLANG_WARN_DIRECT_OBJC_ISA_USAGE = YES_ERROR;
				CLANG_WARN_DOCUMENTATION_COMMENTS = YES;
				CLANG_WARN_EMPTY_BODY = YES;
				CLANG_WARN_ENUM_CONVERSION = YES;
				CLANG_WARN_INFINITE_RECURSION = YES;
				CLANG_WARN_INT_CONVERSION = YES;
				CLANG_WARN_NON_LITERAL_NULL_CONVERSION = YES;
				CLANG_WARN_OBJC_IMPLICIT_RETAIN_SELF = YES;
				CLANG_WARN_OBJC_LITERAL_CONVERSION = YES;
				CLANG_WARN_OBJC_ROOT_CLASS = YES_ERROR;
				CLANG_WARN_QUOTED_INCLUDE_IN_FRAMEWORK_HEADER = YES;
				CLANG_WARN_RANGE_LOOP_ANALYSIS = YES;
				CLANG_WARN_STRICT_PROTOTYPES = YES;
				CLANG_WARN_SUSPICIOUS_MOVE = YES;
				CLANG_WARN_UNGUARDED_AVAILABILITY = YES_AGGRESSIVE;
				CLANG_WARN_UNREACHABLE_CODE = YES;
				CLANG_WARN__DUPLICATE_METHOD_MATCH = YES;
				COPY_PHASE_STRIP = NO;
				DEBUG_INFORMATION_FORMAT = dwarf;
				ENABLE_STRICT_OBJC_MSGSEND = YES;
				ENABLE_TESTABILITY = YES;
				ENABLE_USER_SCRIPT_SANDBOXING = YES;
				GCC_C_LANGUAGE_STANDARD = gnu17;
				GCC_DYNAMIC_NO_PIC = NO;
				GCC_NO_COMMON_BLOCKS = YES;
				GCC_OPTIMIZATION_LEVEL = 0;
				GCC_PREPROCESSOR_DEFINITIONS = (
					"DEBUG=1",
					"$(inherited)",
				);
				GCC_WARN_64_TO_32_BIT_CONVERSION = YES;
				GCC_WARN_ABOUT_RETURN_TYPE = YES_ERROR;
				GCC_WARN_UNDECLARED_SELECTOR = YES;
				GCC_WARN_UNINITIALIZED_AUTOS = YES_AGGRESSIVE;
				GCC_WARN_UNUSED_FUNCTION = YES;
				GCC_WARN_UNUSED_VARIABLE = YES;
				IPHONEOS_DEPLOYMENT_TARGET = 17.5;
				LOCALIZATION_PREFERS_STRING_CATALOGS = YES;
				MTL_ENABLE_DEBUG_INFO = INCLUDE_SOURCE;
				MTL_FAST_MATH = YES;
				ONLY_ACTIVE_ARCH = YES;
				SDKROOT = iphoneos;
				SWIFT_ACTIVE_COMPILATION_CONDITIONS = "DEBUG $(inherited)";
				SWIFT_OPTIMIZATION_LEVEL = "-Onone";
			};
			name = Debug;
		};
		ABBB20D52CB85D4300AEFBED /* Release */ = {
			isa = XCBuildConfiguration;
			buildSettings = {
				ALWAYS_SEARCH_USER_PATHS = NO;
				ASSETCATALOG_COMPILER_GENERATE_SWIFT_ASSET_SYMBOL_EXTENSIONS = YES;
				CLANG_ANALYZER_NONNULL = YES;
				CLANG_ANALYZER_NUMBER_OBJECT_CONVERSION = YES_AGGRESSIVE;
				CLANG_CXX_LANGUAGE_STANDARD = "gnu++20";
				CLANG_ENABLE_MODULES = YES;
				CLANG_ENABLE_OBJC_ARC = YES;
				CLANG_ENABLE_OBJC_WEAK = YES;
				CLANG_WARN_BLOCK_CAPTURE_AUTORELEASING = YES;
				CLANG_WARN_BOOL_CONVERSION = YES;
				CLANG_WARN_COMMA = YES;
				CLANG_WARN_CONSTANT_CONVERSION = YES;
				CLANG_WARN_DEPRECATED_OBJC_IMPLEMENTATIONS = YES;
				CLANG_WARN_DIRECT_OBJC_ISA_USAGE = YES_ERROR;
				CLANG_WARN_DOCUMENTATION_COMMENTS = YES;
				CLANG_WARN_EMPTY_BODY = YES;
				CLANG_WARN_ENUM_CONVERSION = YES;
				CLANG_WARN_INFINITE_RECURSION = YES;
				CLANG_WARN_INT_CONVERSION = YES;
				CLANG_WARN_NON_LITERAL_NULL_CONVERSION = YES;
				CLANG_WARN_OBJC_IMPLICIT_RETAIN_SELF = YES;
				CLANG_WARN_OBJC_LITERAL_CONVERSION = YES;
				CLANG_WARN_OBJC_ROOT_CLASS = YES_ERROR;
				CLANG_WARN_QUOTED_INCLUDE_IN_FRAMEWORK_HEADER = YES;
				CLANG_WARN_RANGE_LOOP_ANALYSIS = YES;
				CLANG_WARN_STRICT_PROTOTYPES = YES;
				CLANG_WARN_SUSPICIOUS_MOVE = YES;
				CLANG_WARN_UNGUARDED_AVAILABILITY = YES_AGGRESSIVE;
				CLANG_WARN_UNREACHABLE_CODE = YES;
				CLANG_WARN__DUPLICATE_METHOD_MATCH = YES;
				COPY_PHASE_STRIP = NO;
				DEBUG_INFORMATION_FORMAT = "dwarf-with-dsym";
				ENABLE_NS_ASSERTIONS = NO;
				ENABLE_STRICT_OBJC_MSGSEND = YES;
				ENABLE_USER_SCRIPT_SANDBOXING = YES;
				GCC_C_LANGUAGE_STANDARD = gnu17;
				GCC_NO_COMMON_BLOCKS = YES;
				GCC_WARN_64_TO_32_BIT_CONVERSION = YES;
				GCC_WARN_ABOUT_RETURN_TYPE = YES_ERROR;
				GCC_WARN_UNDECLARED_SELECTOR = YES;
				GCC_WARN_UNINITIALIZED_AUTOS = YES_AGGRESSIVE;
				GCC_WARN_UNUSED_FUNCTION = YES;
				GCC_WARN_UNUSED_VARIABLE = YES;
				IPHONEOS_DEPLOYMENT_TARGET = 17.5;
				LOCALIZATION_PREFERS_STRING_CATALOGS = YES;
				MTL_ENABLE_DEBUG_INFO = NO;
				MTL_FAST_MATH = YES;
				SDKROOT = iphoneos;
				SWIFT_COMPILATION_MODE = wholemodule;
				VALIDATE_PRODUCT = YES;
			};
			name = Release;
		};
		ABBB20D72CB85D4300AEFBED /* Debug */ = {
			isa = XCBuildConfiguration;
			buildSettings = {
				ASSETCATALOG_COMPILER_APPICON_NAME = AppIcon;
				ASSETCATALOG_COMPILER_GLOBAL_ACCENT_COLOR_NAME = AccentColor;
				CODE_SIGN_STYLE = Automatic;
				CURRENT_PROJECT_VERSION = 1;
				DEVELOPMENT_ASSET_PATHS = "\"BootcampSesion5/Preview Content\"";
				DEVELOPMENT_TEAM = 5TE8VJRL4Q;
				ENABLE_PREVIEWS = YES;
				GENERATE_INFOPLIST_FILE = YES;
				INFOPLIST_KEY_UIApplicationSceneManifest_Generation = YES;
				INFOPLIST_KEY_UIApplicationSupportsIndirectInputEvents = YES;
				INFOPLIST_KEY_UILaunchScreen_Generation = YES;
				INFOPLIST_KEY_UISupportedInterfaceOrientations_iPad = "UIInterfaceOrientationPortrait UIInterfaceOrientationPortraitUpsideDown UIInterfaceOrientationLandscapeLeft UIInterfaceOrientationLandscapeRight";
				INFOPLIST_KEY_UISupportedInterfaceOrientations_iPhone = "UIInterfaceOrientationPortrait UIInterfaceOrientationLandscapeLeft UIInterfaceOrientationLandscapeRight";
				IPHONEOS_DEPLOYMENT_TARGET = 15.0;
				LD_RUNPATH_SEARCH_PATHS = (
					"$(inherited)",
					"@executable_path/Frameworks",
				);
				MARKETING_VERSION = 1.0;
				PRODUCT_BUNDLE_IDENTIFIER = personal.jose.BootcampSesion5;
				PRODUCT_NAME = "$(TARGET_NAME)";
				SWIFT_EMIT_LOC_STRINGS = YES;
				SWIFT_VERSION = 5.0;
				TARGETED_DEVICE_FAMILY = "1,2";
			};
			name = Debug;
		};
		ABBB20D82CB85D4300AEFBED /* Release */ = {
			isa = XCBuildConfiguration;
			buildSettings = {
				ASSETCATALOG_COMPILER_APPICON_NAME = AppIcon;
				ASSETCATALOG_COMPILER_GLOBAL_ACCENT_COLOR_NAME = AccentColor;
				CODE_SIGN_STYLE = Automatic;
				CURRENT_PROJECT_VERSION = 1;
				DEVELOPMENT_ASSET_PATHS = "\"BootcampSesion5/Preview Content\"";
				DEVELOPMENT_TEAM = 5TE8VJRL4Q;
				ENABLE_PREVIEWS = YES;
				GENERATE_INFOPLIST_FILE = YES;
				INFOPLIST_KEY_UIApplicationSceneManifest_Generation = YES;
				INFOPLIST_KEY_UIApplicationSupportsIndirectInputEvents = YES;
				INFOPLIST_KEY_UILaunchScreen_Generation = YES;
				INFOPLIST_KEY_UISupportedInterfaceOrientations_iPad = "UIInterfaceOrientationPortrait UIInterfaceOrientationPortraitUpsideDown UIInterfaceOrientationLandscapeLeft UIInterfaceOrientationLandscapeRight";
				INFOPLIST_KEY_UISupportedInterfaceOrientations_iPhone = "UIInterfaceOrientationPortrait UIInterfaceOrientationLandscapeLeft UIInterfaceOrientationLandscapeRight";
				IPHONEOS_DEPLOYMENT_TARGET = 15.0;
				LD_RUNPATH_SEARCH_PATHS = (
					"$(inherited)",
					"@executable_path/Frameworks",
				);
				MARKETING_VERSION = 1.0;
				PRODUCT_BUNDLE_IDENTIFIER = personal.jose.BootcampSesion5;
				PRODUCT_NAME = "$(TARGET_NAME)";
				SWIFT_EMIT_LOC_STRINGS = YES;
				SWIFT_VERSION = 5.0;
				TARGETED_DEVICE_FAMILY = "1,2";
			};
			name = Release;
		};
/* End XCBuildConfiguration section */

/* Begin XCConfigurationList section */
		ABBB20C32CB85D4100AEFBED /* Build configuration list for PBXProject "BootcampSesion5" */ = {
			isa = XCConfigurationList;
			buildConfigurations = (
				ABBB20D42CB85D4300AEFBED /* Debug */,
				ABBB20D52CB85D4300AEFBED /* Release */,
			);
			defaultConfigurationIsVisible = 0;
			defaultConfigurationName = Release;
		};
		ABBB20D62CB85D4300AEFBED /* Build configuration list for PBXNativeTarget "BootcampSesion5" */ = {
			isa = XCConfigurationList;
			buildConfigurations = (
				ABBB20D72CB85D4300AEFBED /* Debug */,
				ABBB20D82CB85D4300AEFBED /* Release */,
			);
			defaultConfigurationIsVisible = 0;
			defaultConfigurationName = Release;
		};
/* End XCConfigurationList section */
	};
	rootObject = ABBB20C02CB85D4100AEFBED /* Project object */;
}
